// !$*UTF8*$!
{
	archiveVersion = 1;
	classes = {
	};
	objectVersion = 48;
	objects = {

/* Begin PBXBuildFile section */
		1EA2957D1FB630B500481F15 /* AppDelegate.swift in Sources */ = {isa = PBXBuildFile; fileRef = 1EA2957C1FB630B500481F15 /* AppDelegate.swift */; };
		1EA2957F1FB630B500481F15 /* ViewController.swift in Sources */ = {isa = PBXBuildFile; fileRef = 1EA2957E1FB630B500481F15 /* ViewController.swift */; };
		1EA295821FB630B500481F15 /* Main.storyboard in Resources */ = {isa = PBXBuildFile; fileRef = 1EA295801FB630B500481F15 /* Main.storyboard */; };
		1EA295841FB630B500481F15 /* Assets.xcassets in Resources */ = {isa = PBXBuildFile; fileRef = 1EA295831FB630B500481F15 /* Assets.xcassets */; };
		1EA295871FB630B500481F15 /* LaunchScreen.storyboard in Resources */ = {isa = PBXBuildFile; fileRef = 1EA295851FB630B500481F15 /* LaunchScreen.storyboard */; };
		1EA295911FB692A800481F15 /* CurvedFlowLayout.swift in Sources */ = {isa = PBXBuildFile; fileRef = 1EA295901FB692A800481F15 /* CurvedFlowLayout.swift */; };
		1EA295931FB6A38000481F15 /* BasicCell.swift in Sources */ = {isa = PBXBuildFile; fileRef = 1EA295921FB6A38000481F15 /* BasicCell.swift */; };
		1EECA8F31FBC8F1E00A06B6F /* FlowLayout.swift in Sources */ = {isa = PBXBuildFile; fileRef = 1EECA8F21FBC8F1E00A06B6F /* FlowLayout.swift */; };
/* End PBXBuildFile section */

/* Begin PBXFileReference section */
		1EA295791FB630B500481F15 /* CurvedCollection.app */ = {isa = PBXFileReference; explicitFileType = wrapper.application; includeInIndex = 0; path = CurvedCollection.app; sourceTree = BUILT_PRODUCTS_DIR; };
		1EA2957C1FB630B500481F15 /* AppDelegate.swift */ = {isa = PBXFileReference; lastKnownFileType = sourcecode.swift; path = AppDelegate.swift; sourceTree = "<group>"; };
		1EA2957E1FB630B500481F15 /* ViewController.swift */ = {isa = PBXFileReference; lastKnownFileType = sourcecode.swift; path = ViewController.swift; sourceTree = "<group>"; };
		1EA295811FB630B500481F15 /* Base */ = {isa = PBXFileReference; lastKnownFileType = file.storyboard; name = Base; path = Base.lproj/Main.storyboard; sourceTree = "<group>"; };
		1EA295831FB630B500481F15 /* Assets.xcassets */ = {isa = PBXFileReference; lastKnownFileType = folder.assetcatalog; path = Assets.xcassets; sourceTree = "<group>"; };
		1EA295861FB630B500481F15 /* Base */ = {isa = PBXFileReference; lastKnownFileType = file.storyboard; name = Base; path = Base.lproj/LaunchScreen.storyboard; sourceTree = "<group>"; };
		1EA295881FB630B500481F15 /* Info.plist */ = {isa = PBXFileReference; lastKnownFileType = text.plist.xml; path = Info.plist; sourceTree = "<group>"; };
		1EA295901FB692A800481F15 /* CurvedFlowLayout.swift */ = {isa = PBXFileReference; lastKnownFileType = sourcecode.swift; path = CurvedFlowLayout.swift; sourceTree = "<group>"; };
		1EA295921FB6A38000481F15 /* BasicCell.swift */ = {isa = PBXFileReference; lastKnownFileType = sourcecode.swift; path = BasicCell.swift; sourceTree = "<group>"; };
		1EECA8F21FBC8F1E00A06B6F /* FlowLayout.swift */ = {isa = PBXFileReference; lastKnownFileType = sourcecode.swift; path = FlowLayout.swift; sourceTree = "<group>"; };
/* End PBXFileReference section */

/* Begin PBXFrameworksBuildPhase section */
		1EA295761FB630B500481F15 /* Frameworks */ = {
			isa = PBXFrameworksBuildPhase;
			buildActionMask = 2147483647;
			files = (
			);
			runOnlyForDeploymentPostprocessing = 0;
		};
/* End PBXFrameworksBuildPhase section */

/* Begin PBXGroup section */
		1EA295701FB630B500481F15 = {
			isa = PBXGroup;
			children = (
				1EA2957B1FB630B500481F15 /* CurvedCollection */,
				1EA2957A1FB630B500481F15 /* Products */,
			);
			sourceTree = "<group>";
		};
		1EA2957A1FB630B500481F15 /* Products */ = {
			isa = PBXGroup;
			children = (
				1EA295791FB630B500481F15 /* CurvedCollection.app */,
			);
			name = Products;
			sourceTree = "<group>";
		};
		1EA2957B1FB630B500481F15 /* CurvedCollection */ = {
			isa = PBXGroup;
			children = (
				1EA2957C1FB630B500481F15 /* AppDelegate.swift */,
				1EA2957E1FB630B500481F15 /* ViewController.swift */,
				1EA295901FB692A800481F15 /* CurvedFlowLayout.swift */,
				1EA295921FB6A38000481F15 /* BasicCell.swift */,
				1EA295801FB630B500481F15 /* Main.storyboard */,
				1EA295831FB630B500481F15 /* Assets.xcassets */,
				1EA295851FB630B500481F15 /* LaunchScreen.storyboard */,
				1EA295881FB630B500481F15 /* Info.plist */,
				1EECA8F21FBC8F1E00A06B6F /* FlowLayout.swift */,
			);
			path = CurvedCollection;
			sourceTree = "<group>";
		};
/* End PBXGroup section */

/* Begin PBXNativeTarget section */
		1EA295781FB630B500481F15 /* CurvedCollection */ = {
			isa = PBXNativeTarget;
			buildConfigurationList = 1EA2958B1FB630B500481F15 /* Build configuration list for PBXNativeTarget "CurvedCollection" */;
			buildPhases = (
				1EA295751FB630B500481F15 /* Sources */,
				1EA295761FB630B500481F15 /* Frameworks */,
				1EA295771FB630B500481F15 /* Resources */,
			);
			buildRules = (
			);
			dependencies = (
			);
			name = CurvedCollection;
			productName = CurvedCollection;
			productReference = 1EA295791FB630B500481F15 /* CurvedCollection.app */;
			productType = "com.apple.product-type.application";
		};
/* End PBXNativeTarget section */

/* Begin PBXProject section */
		1EA295711FB630B500481F15 /* Project object */ = {
			isa = PBXProject;
			attributes = {
				LastSwiftUpdateCheck = 0900;
				LastUpgradeCheck = 0900;
				ORGANIZATIONNAME = Learning;
				TargetAttributes = {
					1EA295781FB630B500481F15 = {
						CreatedOnToolsVersion = 9.0;
						ProvisioningStyle = Automatic;
					};
				};
			};
			buildConfigurationList = 1EA295741FB630B500481F15 /* Build configuration list for PBXProject "CurvedCollection" */;
			compatibilityVersion = "Xcode 8.0";
			developmentRegion = en;
			hasScannedForEncodings = 0;
			knownRegions = (
				en,
				Base,
			);
			mainGroup = 1EA295701FB630B500481F15;
			productRefGroup = 1EA2957A1FB630B500481F15 /* Products */;
			projectDirPath = "";
			projectRoot = "";
			targets = (
				1EA295781FB630B500481F15 /* CurvedCollection */,
			);
		};
/* End PBXProject section */

/* Begin PBXResourcesBuildPhase section */
		1EA295771FB630B500481F15 /* Resources */ = {
			isa = PBXResourcesBuildPhase;
			buildActionMask = 2147483647;
			files = (
				1EA295871FB630B500481F15 /* LaunchScreen.storyboard in Resources */,
				1EA295841FB630B500481F15 /* Assets.xcassets in Resources */,
				1EA295821FB630B500481F15 /* Main.storyboard in Resources */,
			);
			runOnlyForDeploymentPostprocessing = 0;
		};
/* End PBXResourcesBuildPhase section */

/* Begin PBXSourcesBuildPhase section */
		1EA295751FB630B500481F15 /* Sources */ = {
			isa = PBXSourcesBuildPhase;
			buildActionMask = 2147483647;
			files = (
				1EA295931FB6A38000481F15 /* BasicCell.swift in Sources */,
				1EA2957F1FB630B500481F15 /* ViewController.swift in Sources */,
				1EECA8F31FBC8F1E00A06B6F /* FlowLayout.swift in Sources */,
				1EA295911FB692A800481F15 /* CurvedFlowLayout.swift in Sources */,
				1EA2957D1FB630B500481F15 /* AppDelegate.swift in Sources */,
			);
			runOnlyForDeploymentPostprocessing = 0;
		};
/* End PBXSourcesBuildPhase section */

/* Begin PBXVariantGroup section */
		1EA295801FB630B500481F15 /* Main.storyboard */ = {
			isa = PBXVariantGroup;
			children = (
				1EA295811FB630B500481F15 /* Base */,
			);
			name = Main.storyboard;
			sourceTree = "<group>";
		};
		1EA295851FB630B500481F15 /* LaunchScreen.storyboard */ = {
			isa = PBXVariantGroup;
			children = (
				1EA295861FB630B500481F15 /* Base */,
			);
			name = LaunchScreen.storyboard;
			sourceTree = "<group>";
		};
/* End PBXVariantGroup section */

/* Begin XCBuildConfiguration section */
		1EA295891FB630B500481F15 /* Debug */ = {
			isa = XCBuildConfiguration;
			buildSettings = {
				ALWAYS_SEARCH_USER_PATHS = NO;
				CLANG_ANALYZER_NONNULL = YES;
				CLANG_ANALYZER_NUMBER_OBJECT_CONVERSION = YES_AGGRESSIVE;
				CLANG_CXX_LANGUAGE_STANDARD = "gnu++14";
				CLANG_CXX_LIBRARY = "libc++";
				CLANG_ENABLE_MODULES = YES;
				CLANG_ENABLE_OBJC_ARC = YES;
				CLANG_WARN_BLOCK_CAPTURE_AUTORELEASING = YES;
				CLANG_WARN_BOOL_CONVERSION = YES;
				CLANG_WARN_COMMA = YES;
				CLANG_WARN_CONSTANT_CONVERSION = YES;
				CLANG_WARN_DIRECT_OBJC_ISA_USAGE = YES_ERROR;
				CLANG_WARN_DOCUMENTATION_COMMENTS = YES;
				CLANG_WARN_EMPTY_BODY = YES;
				CLANG_WARN_ENUM_CONVERSION = YES;
				CLANG_WARN_INFINITE_RECURSION = YES;
				CLANG_WARN_INT_CONVERSION = YES;
				CLANG_WARN_NON_LITERAL_NULL_CONVERSION = YES;
				CLANG_WARN_OBJC_LITERAL_CONVERSION = YES;
				CLANG_WARN_OBJC_ROOT_CLASS = YES_ERROR;
				CLANG_WARN_RANGE_LOOP_ANALYSIS = YES;
				CLANG_WARN_STRICT_PROTOTYPES = YES;
				CLANG_WARN_SUSPICIOUS_MOVE = YES;
				CLANG_WARN_UNGUARDED_AVAILABILITY = YES_AGGRESSIVE;
				CLANG_WARN_UNREACHABLE_CODE = YES;
				CLANG_WARN__DUPLICATE_METHOD_MATCH = YES;
				CODE_SIGN_IDENTITY = "iPhone Developer";
				COPY_PHASE_STRIP = NO;
				DEBUG_INFORMATION_FORMAT = dwarf;
				ENABLE_STRICT_OBJC_MSGSEND = YES;
				ENABLE_TESTABILITY = YES;
				GCC_C_LANGUAGE_STANDARD = gnu11;
				GCC_DYNAMIC_NO_PIC = NO;
				GCC_NO_COMMON_BLOCKS = YES;
				GCC_OPTIMIZATION_LEVEL = 0;
				GCC_PREPROCESSOR_DEFINITIONS = (
					"DEBUG=1",
					"$(inherited)",
				);
				GCC_WARN_64_TO_32_BIT_CONVERSION = YES;
				GCC_WARN_ABOUT_RETURN_TYPE = YES_ERROR;
				GCC_WARN_UNDECLARED_SELECTOR = YES;
				GCC_WARN_UNINITIALIZED_AUTOS = YES_AGGRESSIVE;
				GCC_WARN_UNUSED_FUNCTION = YES;
				GCC_WARN_UNUSED_VARIABLE = YES;
				IPHONEOS_DEPLOYMENT_TARGET = 11.0;
				MTL_ENABLE_DEBUG_INFO = YES;
				ONLY_ACTIVE_ARCH = YES;
				SDKROOT = iphoneos;
				SWIFT_ACTIVE_COMPILATION_CONDITIONS = DEBUG;
				SWIFT_OPTIMIZATION_LEVEL = "-Onone";
			};
			name = Debug;
		};
		1EA2958A1FB630B500481F15 /* Release */ = {
			isa = XCBuildConfiguration;
			buildSettings = {
				ALWAYS_SEARCH_USER_PATHS = NO;
				CLANG_ANALYZER_NONNULL = YES;
				CLANG_ANALYZER_NUMBER_OBJECT_CONVERSION = YES_AGGRESSIVE;
				CLANG_CXX_LANGUAGE_STANDARD = "gnu++14";
				CLANG_CXX_LIBRARY = "libc++";
				CLANG_ENABLE_MODULES = YES;
				CLANG_ENABLE_OBJC_ARC = YES;
				CLANG_WARN_BLOCK_CAPTURE_AUTORELEASING = YES;
				CLANG_WARN_BOOL_CONVERSION = YES;
				CLANG_WARN_COMMA = YES;
				CLANG_WARN_CONSTANT_CONVERSION = YES;
				CLANG_WARN_DIRECT_OBJC_ISA_USAGE = YES_ERROR;
				CLANG_WARN_DOCUMENTATION_COMMENTS = YES;
				CLANG_WARN_EMPTY_BODY = YES;
				CLANG_WARN_ENUM_CONVERSION = YES;
				CLANG_WARN_INFINITE_RECURSION = YES;
				CLANG_WARN_INT_CONVERSION = YES;
				CLANG_WARN_NON_LITERAL_NULL_CONVERSION = YES;
				CLANG_WARN_OBJC_LITERAL_CONVERSION = YES;
				CLANG_WARN_OBJC_ROOT_CLASS = YES_ERROR;
				CLANG_WARN_RANGE_LOOP_ANALYSIS = YES;
				CLANG_WARN_STRICT_PROTOTYPES = YES;
				CLANG_WARN_SUSPICIOUS_MOVE = YES;
				CLANG_WARN_UNGUARDED_AVAILABILITY = YES_AGGRESSIVE;
				CLANG_WARN_UNREACHABLE_CODE = YES;
				CLANG_WARN__DUPLICATE_METHOD_MATCH = YES;
				CODE_SIGN_IDENTITY = "iPhone Developer";
				COPY_PHASE_STRIP = NO;
				DEBUG_INFORMATION_FORMAT = "dwarf-with-dsym";
				ENABLE_NS_ASSERTIONS = NO;
				ENABLE_STRICT_OBJC_MSGSEND = YES;
				GCC_C_LANGUAGE_STANDARD = gnu11;
				GCC_NO_COMMON_BLOCKS = YES;
				GCC_WARN_64_TO_32_BIT_CONVERSION = YES;
				GCC_WARN_ABOUT_RETURN_TYPE = YES_ERROR;
				GCC_WARN_UNDECLARED_SELECTOR = YES;
				GCC_WARN_UNINITIALIZED_AUTOS = YES_AGGRESSIVE;
				GCC_WARN_UNUSED_FUNCTION = YES;
				GCC_WARN_UNUSED_VARIABLE = YES;
				IPHONEOS_DEPLOYMENT_TARGET = 11.0;
				MTL_ENABLE_DEBUG_INFO = NO;
				SDKROOT = iphoneos;
				SWIFT_OPTIMIZATION_LEVEL = "-Owholemodule";
				VALIDATE_PRODUCT = YES;
			};
			name = Release;
		};
		1EA2958C1FB630B500481F15 /* Debug */ = {
			isa = XCBuildConfiguration;
			buildSettings = {
				ASSETCATALOG_COMPILER_APPICON_NAME = AppIcon;
				CODE_SIGN_STYLE = Automatic;
				DEVELOPMENT_TEAM = Z99T2HWAJ6;
				INFOPLIST_FILE = CurvedCollection/Info.plist;
				LD_RUNPATH_SEARCH_PATHS = "$(inherited) @executable_path/Frameworks";
				PRODUCT_BUNDLE_IDENTIFIER = com.Learned.CurvedCollection;
				PRODUCT_NAME = "$(TARGET_NAME)";
				SWIFT_VERSION = 4.0;
				TARGETED_DEVICE_FAMILY = "1,2";
			};
			name = Debug;
		};
		1EA2958D1FB630B500481F15 /* Release */ = {
			isa = XCBuildConfiguration;
			buildSettings = {
				ASSETCATALOG_COMPILER_APPICON_NAME = AppIcon;
				CODE_SIGN_STYLE = Automatic;
				DEVELOPMENT_TEAM = Z99T2HWAJ6;
				INFOPLIST_FILE = CurvedCollection/Info.plist;
				LD_RUNPATH_SEARCH_PATHS = "$(inherited) @executable_path/Frameworks";
				PRODUCT_BUNDLE_IDENTIFIER = com.Learned.CurvedCollection;
				PRODUCT_NAME = "$(TARGET_NAME)";
				SWIFT_VERSION = 4.0;
				TARGETED_DEVICE_FAMILY = "1,2";
			};
			name = Release;
		};
/* End XCBuildConfiguration section */

/* Begin XCConfigurationList section */
		1EA295741FB630B500481F15 /* Build configuration list for PBXProject "CurvedCollection" */ = {
			isa = XCConfigurationList;
			buildConfigurations = (
				1EA295891FB630B500481F15 /* Debug */,
				1EA2958A1FB630B500481F15 /* Release */,
			);
			defaultConfigurationIsVisible = 0;
			defaultConfigurationName = Release;
		};
		1EA2958B1FB630B500481F15 /* Build configuration list for PBXNativeTarget "CurvedCollection" */ = {
			isa = XCConfigurationList;
			buildConfigurations = (
				1EA2958C1FB630B500481F15 /* Debug */,
				1EA2958D1FB630B500481F15 /* Release */,
			);
			defaultConfigurationIsVisible = 0;
			defaultConfigurationName = Release;
		};
/* End XCConfigurationList section */
	};
	rootObject = 1EA295711FB630B500481F15 /* Project object */;
}
